
Microsoft Visual Studio Solution File, Format Version 12.00
# Visual Studio Version 16
VisualStudioVersion = 16.0.31515.178
MinimumVisualStudioVersion = 10.0.40219.1
Project("{FAE04EC0-301F-11D3-BF4B-00C04F79EFBC}") = "StudentManagementSystem", "StudentManagementSystem\StudentManagementSystem.csproj", "{5C9F251B-3277-4A15-9B90-930E17E98B2D}"
EndProject
Project("{FAE04EC0-301F-11D3-BF4B-00C04F79EFBC}") = "StudentInfo", "StudentInfo\StudentInfo.csproj", "{7F79CD36-93A3-45EA-B833-D192758729CF}"
EndProject
Project("{FAE04EC0-301F-11D3-BF4B-00C04F79EFBC}") = "StudentST", "StudentST\StudentST.csproj", "{724D1921-C431-4503-84C2-829F80689F6E}"
EndProject
Global
	GlobalSection(SolutionConfigurationPlatforms) = preSolution
		Debug|Any CPU = Debug|Any CPU
		Release|Any CPU = Release|Any CPU
	EndGlobalSection
	GlobalSection(ProjectConfigurationPlatforms) = postSolution
		{5C9F251B-3277-4A15-9B90-930E17E98B2D}.Debug|Any CPU.ActiveCfg = Debug|Any CPU
		{5C9F251B-3277-4A15-9B90-930E17E98B2D}.Debug|Any CPU.Build.0 = Debug|Any CPU
		{5C9F251B-3277-4A15-9B90-930E17E98B2D}.Release|Any CPU.ActiveCfg = Release|Any CPU
		{5C9F251B-3277-4A15-9B90-930E17E98B2D}.Release|Any CPU.Build.0 = Release|Any CPU
		{7F79CD36-93A3-45EA-B833-D192758729CF}.Debug|Any CPU.ActiveCfg = Debug|Any CPU
		{7F79CD36-93A3-45EA-B833-D192758729CF}.Debug|Any CPU.Build.0 = Debug|Any CPU
		{7F79CD36-93A3-45EA-B833-D192758729CF}.Release|Any CPU.ActiveCfg = Release|Any CPU
		{7F79CD36-93A3-45EA-B833-D192758729CF}.Release|Any CPU.Build.0 = Release|Any CPU
		{724D1921-C431-4503-84C2-829F80689F6E}.Debug|Any CPU.ActiveCfg = Debug|Any CPU
		{724D1921-C431-4503-84C2-829F80689F6E}.Debug|Any CPU.Build.0 = Debug|Any CPU
		{724D1921-C431-4503-84C2-829F80689F6E}.Release|Any CPU.ActiveCfg = Release|Any CPU
		{724D1921-C431-4503-84C2-829F80689F6E}.Release|Any CPU.Build.0 = Release|Any CPU
	EndGlobalSection
	GlobalSection(SolutionProperties) = preSolution
		HideSolutionNode = FALSE
	EndGlobalSection
	GlobalSection(ExtensibilityGlobals) = postSolution
		SolutionGuid = {B29909FF-38AF-40F6-BA96-28BD253DE2BD}
	EndGlobalSection
EndGlobal
